
Microsoft Visual Studio Solution File, Format Version 12.00
# Visual Studio Version 17
VisualStudioVersion = 17.10.34928.147
MinimumVisualStudioVersion = 10.0.40219.1
Project("{FAE04EC0-301F-11D3-BF4B-00C04F79EFBC}") = "PracticaEventos", "PracticaEventos\PracticaEventos.csproj", "{0122D2AC-9026-4496-A280-30AA609552D2}"
EndProject
Project("{FAE04EC0-301F-11D3-BF4B-00C04F79EFBC}") = "dominio3", "dominio3\dominio3.csproj", "{5F3075D9-EF09-4467-B6FE-8819AA7C093A}"
EndProject
Global
	GlobalSection(SolutionConfigurationPlatforms) = preSolution
		Debug|Any CPU = Debug|Any CPU
		Release|Any CPU = Release|Any CPU
	EndGlobalSection
	GlobalSection(ProjectConfigurationPlatforms) = postSolution
		{0122D2AC-9026-4496-A280-30AA609552D2}.Debug|Any CPU.ActiveCfg = Debug|Any CPU
		{0122D2AC-9026-4496-A280-30AA609552D2}.Debug|Any CPU.Build.0 = Debug|Any CPU
		{0122D2AC-9026-4496-A280-30AA609552D2}.Release|Any CPU.ActiveCfg = Release|Any CPU
		{0122D2AC-9026-4496-A280-30AA609552D2}.Release|Any CPU.Build.0 = Release|Any CPU
		{5F3075D9-EF09-4467-B6FE-8819AA7C093A}.Debug|Any CPU.ActiveCfg = Debug|Any CPU
		{5F3075D9-EF09-4467-B6FE-8819AA7C093A}.Debug|Any CPU.Build.0 = Debug|Any CPU
		{5F3075D9-EF09-4467-B6FE-8819AA7C093A}.Release|Any CPU.ActiveCfg = Release|Any CPU
		{5F3075D9-EF09-4467-B6FE-8819AA7C093A}.Release|Any CPU.Build.0 = Release|Any CPU
	EndGlobalSection
	GlobalSection(SolutionProperties) = preSolution
		HideSolutionNode = FALSE
	EndGlobalSection
	GlobalSection(ExtensibilityGlobals) = postSolution
		SolutionGuid = {E7DE890D-583A-45F0-A36F-A35AA424F74E}
	EndGlobalSection
EndGlobal
